{
  "version": 4,
  "terraform_version": "0.14.5",
  "serial": 306,
  "lineage": "c414d263-e2c6-f883-c61b-2e20b2176628",
  "outputs": {},
  "resources": [
    {
      "mode": "managed",
      "type": "ah_cloud_server",
      "name": "example",
      "provider": "provider[\"registry.terraform.io/advancedhosting/ah\"]",
      "instances": [
        {
          "index_key": 0,
          "schema_version": 0,
          "attributes": {
            "backups": false,
            "create_public_ip_address": true,
            "created_at": "2021-02-02T19:13:39.020Z",
            "datacenter": "ams1",
            "disk": 1024,
            "id": "95b3c618-2271-455b-ad51-a2aafc49d9cb",
            "image": "centos-7-x64",
            "ips": [
              {
                "assignment_id": "5a5f6c6a-ae12-40e4-8e14-4acd7a1af985",
                "ip_address": "185.177.92.76",
                "primary": true,
                "reverse_dns": "ip-185-177-92-76.ah-server.com",
                "type": "public"
              }
            ],
            "name": "sample_server_0",
            "product": "start-xs",
            "ram": 1024,
            "ssh_keys": [
              "e1488ae4-3932-400a-a2c6-a530a8ba3cbe"
            ],
            "state": "running",
            "use_password": false,
            "vcpu": 1
          },
          "sensitive_attributes": [],
          "private": "bnVsbA==",
          "dependencies": [
            "ah_ssh_key.example"
          ]
        },
        {
          "index_key": 1,
          "schema_version": 0,
          "attributes": {
            "backups": false,
            "create_public_ip_address": true,
            "created_at": "2021-02-02T19:13:39.236Z",
            "datacenter": "ams1",
            "disk": 1024,
            "id": "aac1fd26-2a10-4206-831e-9aa202a9066e",
            "image": "centos-7-x64",
            "ips": [
              {
                "assignment_id": "5126bf46-9cbd-4a56-b082-2a0a7f25962b",
                "ip_address": "185.177.92.58",
                "primary": true,
                "reverse_dns": "ip-185-177-92-58.ah-server.com",
                "type": "public"
              }
            ],
            "name": "sample_server_1",
            "product": "start-xs",
            "ram": 1024,
            "ssh_keys": [
              "e1488ae4-3932-400a-a2c6-a530a8ba3cbe"
            ],
            "state": "running",
            "use_password": false,
            "vcpu": 1
          },
          "sensitive_attributes": [],
          "private": "bnVsbA==",
          "dependencies": [
            "ah_ssh_key.example"
          ]
        }
      ]
    },
    {
      "mode": "managed",
      "type": "ah_ssh_key",
      "name": "example",
      "provider": "provider[\"registry.terraform.io/advancedhosting/ah\"]",
      "instances": [
        {
          "schema_version": 0,
          "attributes": {
            "created_at": "2021-02-02T19:13:38.698Z",
            "fingerprint": "a4:a3:ad:a7:57:33:ef:d7:78:e2:d2:7c:a0:ea:e9:1e",
            "id": "e1488ae4-3932-400a-a2c6-a530a8ba3cbe",
            "name": "SSH key Name",
            "public_key": "ssh-rsa AAAAB3NzaC1yc2EAAAADAQABAAABgQDDn38B0Ad2wZZgvjzTrVNBCl5rE03egqkWW90gYH+BMatX3IPjBuHA4lvgBX8jU4ePEQ2JrfzrpYuykoOJkyjNiSgaJvHUjdhbwOZYCf21i5ckE7XWEC9UprvBfXmuQ/CLjkZmTQ387JAax/07ILvc0MQwUjdSRQOs2DIDG3hY0+DThuZt7YempW/wyBeW+7mTRyTf3qKs7WuuAwMM4Wj1Q1I/MDGaEjywM+d+V7+IgxW7MyspcrTWDlxMIoFcrLcHFLfCNEKpw5a509+ejazO3A6shbO79dgQ8zVkBLOsrleySNJV8+t0g5BUm2+13Prfav3JIFk1pSQrZvLnW28SsP7OSbX0wKijiykYIXIYykLtzDSfkPWueueaY3w/inEwWYdIFEUwNLodosF61gNYCZxLM5qNw3OXsj01xVcErfB5PnUVB0SupzRSugRPuiTwVqEw9Vts6OtJRCYyYpzxzgz2me6hOCOZl5PhUKf17j0UeHAvaptpA7tlXDrDy0s= u17228978@CAB-WSM-0002988\n"
          },
          "sensitive_attributes": [],
          "private": "bnVsbA=="
        }
      ]
    },
    {
      "mode": "managed",
      "type": "local_file",
      "name": "AnsibleInventory",
      "provider": "provider[\"registry.terraform.io/hashicorp/local\"]",
      "instances": [
        {
          "schema_version": 0,
          "attributes": {
            "content": "[servers]\n185.177.92.76 ansible_user=adminroot ansible_ssh_common_args='-o StrictHostKeyChecking=no'\n185.177.92.58 ansible_user=adminroot ansible_ssh_common_args='-o StrictHostKeyChecking=no'\n",
            "content_base64": null,
            "directory_permission": "0777",
            "file_permission": "0777",
            "filename": "./ansible/inventories/nginx/hosts",
            "id": "0a63bf9409f2c57b71dbc9865b0fe068a16826d9",
            "sensitive_content": null,
            "source": null
          },
          "sensitive_attributes": [],
          "private": "bnVsbA==",
          "dependencies": [
            "ah_cloud_server.example",
            "ah_ssh_key.example"
          ]
        }
      ]
    },
    {
      "mode": "managed",
      "type": "null_resource",
      "name": "example1",
      "provider": "provider[\"registry.terraform.io/hashicorp/null\"]",
      "instances": [
        {
          "schema_version": 0,
          "attributes": {
            "id": "5235957412229918620",
            "triggers": null
          },
          "sensitive_attributes": [],
          "private": "bnVsbA==",
          "dependencies": [
            "ah_cloud_server.example",
            "ah_ssh_key.example",
            "local_file.AnsibleInventory"
          ]
        }
      ]
    }
  ]
}
